
Microsoft Visual Studio Solution File, Format Version 12.00
# Visual Studio Version 17
VisualStudioVersion = 17.8.34309.116
MinimumVisualStudioVersion = 10.0.40219.1
Project("{FAE04EC0-301F-11D3-BF4B-00C04F79EFBC}") = "BlazorUploaderDemoServer", "BlazorUploaderDemoServer\BlazorUploaderDemoServer.csproj", "{6A980CB0-D21E-453F-832B-45C682A7A549}"
EndProject
Global
	GlobalSection(SolutionConfigurationPlatforms) = preSolution
		Debug|Any CPU = Debug|Any CPU
		Release|Any CPU = Release|Any CPU
	EndGlobalSection
	GlobalSection(ProjectConfigurationPlatforms) = postSolution
		{6A980CB0-D21E-453F-832B-45C682A7A549}.Debug|Any CPU.ActiveCfg = Debug|Any CPU
		{6A980CB0-D21E-453F-832B-45C682A7A549}.Debug|Any CPU.Build.0 = Debug|Any CPU
		{6A980CB0-D21E-453F-832B-45C682A7A549}.Release|Any CPU.ActiveCfg = Release|Any CPU
		{6A980CB0-D21E-453F-832B-45C682A7A549}.Release|Any CPU.Build.0 = Release|Any CPU
	EndGlobalSection
	GlobalSection(SolutionProperties) = preSolution
		HideSolutionNode = FALSE
	EndGlobalSection
	GlobalSection(ExtensibilityGlobals) = postSolution
		SolutionGuid = {B6D8A86E-8F68-4BDD-8B3A-F5A1DB313328}
	EndGlobalSection
EndGlobal
